
Microsoft Visual Studio Solution File, Format Version 11.00
# Visual Studio 2010
Project("{FAE04EC0-301F-11D3-BF4B-00C04F79EFBC}") = "Assembly-CSharp", "Assembly-CSharp.csproj", "{27e958fa-0191-0fc5-9868-14a502530fee}"
EndProject
Project("{FAE04EC0-301F-11D3-BF4B-00C04F79EFBC}") = "Assembly-CSharp-Editor", "Assembly-CSharp-Editor.csproj", "{56fbfb1e-3853-3201-feab-4afd79b46398}"
EndProject
Global
	GlobalSection(SolutionConfigurationPlatforms) = preSolution
		Debug|Any CPU = Debug|Any CPU
	EndGlobalSection
	GlobalSection(ProjectConfigurationPlatforms) = postSolution
		{27e958fa-0191-0fc5-9868-14a502530fee}.Debug|Any CPU.ActiveCfg = Debug|Any CPU
		{27e958fa-0191-0fc5-9868-14a502530fee}.Debug|Any CPU.Build.0 = Debug|Any CPU
		{56fbfb1e-3853-3201-feab-4afd79b46398}.Debug|Any CPU.ActiveCfg = Debug|Any CPU
		{56fbfb1e-3853-3201-feab-4afd79b46398}.Debug|Any CPU.Build.0 = Debug|Any CPU
	EndGlobalSection
	GlobalSection(SolutionProperties) = preSolution
		HideSolutionNode = FALSE
	EndGlobalSection
EndGlobal
